// !$*UTF8*$!
{
	archiveVersion = 1;
	classes = {
	};
	objectVersion = 56;
	objects = {

/* Begin PBXBuildFile section */
		EF3883B12B62638E00CBFF94 /* SwiftUI_100_FungoApp.swift in Sources */ = {isa = PBXBuildFile; fileRef = EF3883B02B62638E00CBFF94 /* SwiftUI_100_FungoApp.swift */; };
		EF3883B52B62638F00CBFF94 /* Assets.xcassets in Resources */ = {isa = PBXBuildFile; fileRef = EF3883B42B62638F00CBFF94 /* Assets.xcassets */; };
		EF3883B82B62638F00CBFF94 /* Preview Assets.xcassets in Resources */ = {isa = PBXBuildFile; fileRef = EF3883B72B62638F00CBFF94 /* Preview Assets.xcassets */; };
		EF3883C02B62646200CBFF94 /* View001.swift in Sources */ = {isa = PBXBuildFile; fileRef = EF3883BF2B62646200CBFF94 /* View001.swift */; };
		EF3883C22B62648200CBFF94 /* View002.swift in Sources */ = {isa = PBXBuildFile; fileRef = EF3883C12B62648200CBFF94 /* View002.swift */; };
		EF3883C42B6264AC00CBFF94 /* HomeView.swift in Sources */ = {isa = PBXBuildFile; fileRef = EF3883C32B6264AC00CBFF94 /* HomeView.swift */; };
		EF3883C62B6264EF00CBFF94 /* ViewData.swift in Sources */ = {isa = PBXBuildFile; fileRef = EF3883C52B6264EF00CBFF94 /* ViewData.swift */; };
		EF3883C82B626D0700CBFF94 /* View003.swift in Sources */ = {isa = PBXBuildFile; fileRef = EF3883C72B626D0700CBFF94 /* View003.swift */; };
/* End PBXBuildFile section */

/* Begin PBXFileReference section */
		EF3883AD2B62638E00CBFF94 /* SwiftUI-100-Fungo.app */ = {isa = PBXFileReference; explicitFileType = wrapper.application; includeInIndex = 0; path = "SwiftUI-100-Fungo.app"; sourceTree = BUILT_PRODUCTS_DIR; };
		EF3883B02B62638E00CBFF94 /* SwiftUI_100_FungoApp.swift */ = {isa = PBXFileReference; lastKnownFileType = sourcecode.swift; path = SwiftUI_100_FungoApp.swift; sourceTree = "<group>"; };
		EF3883B42B62638F00CBFF94 /* Assets.xcassets */ = {isa = PBXFileReference; lastKnownFileType = folder.assetcatalog; path = Assets.xcassets; sourceTree = "<group>"; };
		EF3883B72B62638F00CBFF94 /* Preview Assets.xcassets */ = {isa = PBXFileReference; lastKnownFileType = folder.assetcatalog; path = "Preview Assets.xcassets"; sourceTree = "<group>"; };
		EF3883BF2B62646200CBFF94 /* View001.swift */ = {isa = PBXFileReference; lastKnownFileType = sourcecode.swift; path = View001.swift; sourceTree = "<group>"; };
		EF3883C12B62648200CBFF94 /* View002.swift */ = {isa = PBXFileReference; lastKnownFileType = sourcecode.swift; path = View002.swift; sourceTree = "<group>"; };
		EF3883C32B6264AC00CBFF94 /* HomeView.swift */ = {isa = PBXFileReference; lastKnownFileType = sourcecode.swift; path = HomeView.swift; sourceTree = "<group>"; };
		EF3883C52B6264EF00CBFF94 /* ViewData.swift */ = {isa = PBXFileReference; lastKnownFileType = sourcecode.swift; path = ViewData.swift; sourceTree = "<group>"; };
		EF3883C72B626D0700CBFF94 /* View003.swift */ = {isa = PBXFileReference; lastKnownFileType = sourcecode.swift; path = View003.swift; sourceTree = "<group>"; };
/* End PBXFileReference section */

/* Begin PBXFrameworksBuildPhase section */
		EF3883AA2B62638E00CBFF94 /* Frameworks */ = {
			isa = PBXFrameworksBuildPhase;
			buildActionMask = 2147483647;
			files = (
			);
			runOnlyForDeploymentPostprocessing = 0;
		};
/* End PBXFrameworksBuildPhase section */

/* Begin PBXGroup section */
		EF3883A42B62638E00CBFF94 = {
			isa = PBXGroup;
			children = (
				EF3883AF2B62638E00CBFF94 /* SwiftUI-100-Fungo */,
				EF3883AE2B62638E00CBFF94 /* Products */,
			);
			sourceTree = "<group>";
		};
		EF3883AE2B62638E00CBFF94 /* Products */ = {
			isa = PBXGroup;
			children = (
				EF3883AD2B62638E00CBFF94 /* SwiftUI-100-Fungo.app */,
			);
			name = Products;
			sourceTree = "<group>";
		};
		EF3883AF2B62638E00CBFF94 /* SwiftUI-100-Fungo */ = {
			isa = PBXGroup;
			children = (
				EF3883B02B62638E00CBFF94 /* SwiftUI_100_FungoApp.swift */,
				EF3883C32B6264AC00CBFF94 /* HomeView.swift */,
				EF3883C52B6264EF00CBFF94 /* ViewData.swift */,
				EF3883BE2B62644E00CBFF94 /* Views */,
				EF3883B42B62638F00CBFF94 /* Assets.xcassets */,
				EF3883B62B62638F00CBFF94 /* Preview Content */,
			);
			path = "SwiftUI-100-Fungo";
			sourceTree = "<group>";
		};
		EF3883B62B62638F00CBFF94 /* Preview Content */ = {
			isa = PBXGroup;
			children = (
				EF3883B72B62638F00CBFF94 /* Preview Assets.xcassets */,
			);
			path = "Preview Content";
			sourceTree = "<group>";
		};
		EF3883BE2B62644E00CBFF94 /* Views */ = {
			isa = PBXGroup;
			children = (
				EF3883BF2B62646200CBFF94 /* View001.swift */,
				EF3883C12B62648200CBFF94 /* View002.swift */,
				EF3883C72B626D0700CBFF94 /* View003.swift */,
			);
			path = Views;
			sourceTree = "<group>";
		};
/* End PBXGroup section */

/* Begin PBXNativeTarget section */
		EF3883AC2B62638E00CBFF94 /* SwiftUI-100-Fungo */ = {
			isa = PBXNativeTarget;
			buildConfigurationList = EF3883BB2B62638F00CBFF94 /* Build configuration list for PBXNativeTarget "SwiftUI-100-Fungo" */;
			buildPhases = (
				EF3883A92B62638E00CBFF94 /* Sources */,
				EF3883AA2B62638E00CBFF94 /* Frameworks */,
				EF3883AB2B62638E00CBFF94 /* Resources */,
			);
			buildRules = (
			);
			dependencies = (
			);
			name = "SwiftUI-100-Fungo";
			productName = "SwiftUI-100-Fungo";
			productReference = EF3883AD2B62638E00CBFF94 /* SwiftUI-100-Fungo.app */;
			productType = "com.apple.product-type.application";
		};
/* End PBXNativeTarget section */

/* Begin PBXProject section */
		EF3883A52B62638E00CBFF94 /* Project object */ = {
			isa = PBXProject;
			attributes = {
				BuildIndependentTargetsInParallel = 1;
				LastSwiftUpdateCheck = 1520;
				LastUpgradeCheck = 1520;
				TargetAttributes = {
					EF3883AC2B62638E00CBFF94 = {
						CreatedOnToolsVersion = 15.2;
					};
				};
			};
			buildConfigurationList = EF3883A82B62638E00CBFF94 /* Build configuration list for PBXProject "SwiftUI-100-Fungo" */;
			compatibilityVersion = "Xcode 14.0";
			developmentRegion = en;
			hasScannedForEncodings = 0;
			knownRegions = (
				en,
				Base,
			);
			mainGroup = EF3883A42B62638E00CBFF94;
			productRefGroup = EF3883AE2B62638E00CBFF94 /* Products */;
			projectDirPath = "";
			projectRoot = "";
			targets = (
				EF3883AC2B62638E00CBFF94 /* SwiftUI-100-Fungo */,
			);
		};
/* End PBXProject section */

/* Begin PBXResourcesBuildPhase section */
		EF3883AB2B62638E00CBFF94 /* Resources */ = {
			isa = PBXResourcesBuildPhase;
			buildActionMask = 2147483647;
			files = (
				EF3883B82B62638F00CBFF94 /* Preview Assets.xcassets in Resources */,
				EF3883B52B62638F00CBFF94 /* Assets.xcassets in Resources */,
			);
			runOnlyForDeploymentPostprocessing = 0;
		};
/* End PBXResourcesBuildPhase section */

/* Begin PBXSourcesBuildPhase section */
		EF3883A92B62638E00CBFF94 /* Sources */ = {
			isa = PBXSourcesBuildPhase;
			buildActionMask = 2147483647;
			files = (
				EF3883C22B62648200CBFF94 /* View002.swift in Sources */,
				EF3883C42B6264AC00CBFF94 /* HomeView.swift in Sources */,
				EF3883C02B62646200CBFF94 /* View001.swift in Sources */,
				EF3883B12B62638E00CBFF94 /* SwiftUI_100_FungoApp.swift in Sources */,
				EF3883C82B626D0700CBFF94 /* View003.swift in Sources */,
				EF3883C62B6264EF00CBFF94 /* ViewData.swift in Sources */,
			);
			runOnlyForDeploymentPostprocessing = 0;
		};
/* End PBXSourcesBuildPhase section */

/* Begin XCBuildConfiguration section */
		EF3883B92B62638F00CBFF94 /* Debug */ = {
			isa = XCBuildConfiguration;
			buildSettings = {
				ALWAYS_SEARCH_USER_PATHS = NO;
				ASSETCATALOG_COMPILER_GENERATE_SWIFT_ASSET_SYMBOL_EXTENSIONS = YES;
				CLANG_ANALYZER_NONNULL = YES;
				CLANG_ANALYZER_NUMBER_OBJECT_CONVERSION = YES_AGGRESSIVE;
				CLANG_CXX_LANGUAGE_STANDARD = "gnu++20";
				CLANG_ENABLE_MODULES = YES;
				CLANG_ENABLE_OBJC_ARC = YES;
				CLANG_ENABLE_OBJC_WEAK = YES;
				CLANG_WARN_BLOCK_CAPTURE_AUTORELEASING = YES;
				CLANG_WARN_BOOL_CONVERSION = YES;
				CLANG_WARN_COMMA = YES;
				CLANG_WARN_CONSTANT_CONVERSION = YES;
				CLANG_WARN_DEPRECATED_OBJC_IMPLEMENTATIONS = YES;
				CLANG_WARN_DIRECT_OBJC_ISA_USAGE = YES_ERROR;
				CLANG_WARN_DOCUMENTATION_COMMENTS = YES;
				CLANG_WARN_EMPTY_BODY = YES;
				CLANG_WARN_ENUM_CONVERSION = YES;
				CLANG_WARN_INFINITE_RECURSION = YES;
				CLANG_WARN_INT_CONVERSION = YES;
				CLANG_WARN_NON_LITERAL_NULL_CONVERSION = YES;
				CLANG_WARN_OBJC_IMPLICIT_RETAIN_SELF = YES;
				CLANG_WARN_OBJC_LITERAL_CONVERSION = YES;
				CLANG_WARN_OBJC_ROOT_CLASS = YES_ERROR;
				CLANG_WARN_QUOTED_INCLUDE_IN_FRAMEWORK_HEADER = YES;
				CLANG_WARN_RANGE_LOOP_ANALYSIS = YES;
				CLANG_WARN_STRICT_PROTOTYPES = YES;
				CLANG_WARN_SUSPICIOUS_MOVE = YES;
				CLANG_WARN_UNGUARDED_AVAILABILITY = YES_AGGRESSIVE;
				CLANG_WARN_UNREACHABLE_CODE = YES;
				CLANG_WARN__DUPLICATE_METHOD_MATCH = YES;
				COPY_PHASE_STRIP = NO;
				DEBUG_INFORMATION_FORMAT = dwarf;
				ENABLE_STRICT_OBJC_MSGSEND = YES;
				ENABLE_TESTABILITY = YES;
				ENABLE_USER_SCRIPT_SANDBOXING = YES;
				GCC_C_LANGUAGE_STANDARD = gnu17;
				GCC_DYNAMIC_NO_PIC = NO;
				GCC_NO_COMMON_BLOCKS = YES;
				GCC_OPTIMIZATION_LEVEL = 0;
				GCC_PREPROCESSOR_DEFINITIONS = (
					"DEBUG=1",
					"$(inherited)",
				);
				GCC_WARN_64_TO_32_BIT_CONVERSION = YES;
				GCC_WARN_ABOUT_RETURN_TYPE = YES_ERROR;
				GCC_WARN_UNDECLARED_SELECTOR = YES;
				GCC_WARN_UNINITIALIZED_AUTOS = YES_AGGRESSIVE;
				GCC_WARN_UNUSED_FUNCTION = YES;
				GCC_WARN_UNUSED_VARIABLE = YES;
				IPHONEOS_DEPLOYMENT_TARGET = 17.2;
				LOCALIZATION_PREFERS_STRING_CATALOGS = YES;
				MTL_ENABLE_DEBUG_INFO = INCLUDE_SOURCE;
				MTL_FAST_MATH = YES;
				ONLY_ACTIVE_ARCH = YES;
				SDKROOT = iphoneos;
				SWIFT_ACTIVE_COMPILATION_CONDITIONS = "DEBUG $(inherited)";
				SWIFT_OPTIMIZATION_LEVEL = "-Onone";
			};
			name = Debug;
		};
		EF3883BA2B62638F00CBFF94 /* Release */ = {
			isa = XCBuildConfiguration;
			buildSettings = {
				ALWAYS_SEARCH_USER_PATHS = NO;
				ASSETCATALOG_COMPILER_GENERATE_SWIFT_ASSET_SYMBOL_EXTENSIONS = YES;
				CLANG_ANALYZER_NONNULL = YES;
				CLANG_ANALYZER_NUMBER_OBJECT_CONVERSION = YES_AGGRESSIVE;
				CLANG_CXX_LANGUAGE_STANDARD = "gnu++20";
				CLANG_ENABLE_MODULES = YES;
				CLANG_ENABLE_OBJC_ARC = YES;
				CLANG_ENABLE_OBJC_WEAK = YES;
				CLANG_WARN_BLOCK_CAPTURE_AUTORELEASING = YES;
				CLANG_WARN_BOOL_CONVERSION = YES;
				CLANG_WARN_COMMA = YES;
				CLANG_WARN_CONSTANT_CONVERSION = YES;
				CLANG_WARN_DEPRECATED_OBJC_IMPLEMENTATIONS = YES;
				CLANG_WARN_DIRECT_OBJC_ISA_USAGE = YES_ERROR;
				CLANG_WARN_DOCUMENTATION_COMMENTS = YES;
				CLANG_WARN_EMPTY_BODY = YES;
				CLANG_WARN_ENUM_CONVERSION = YES;
				CLANG_WARN_INFINITE_RECURSION = YES;
				CLANG_WARN_INT_CONVERSION = YES;
				CLANG_WARN_NON_LITERAL_NULL_CONVERSION = YES;
				CLANG_WARN_OBJC_IMPLICIT_RETAIN_SELF = YES;
				CLANG_WARN_OBJC_LITERAL_CONVERSION = YES;
				CLANG_WARN_OBJC_ROOT_CLASS = YES_ERROR;
				CLANG_WARN_QUOTED_INCLUDE_IN_FRAMEWORK_HEADER = YES;
				CLANG_WARN_RANGE_LOOP_ANALYSIS = YES;
				CLANG_WARN_STRICT_PROTOTYPES = YES;
				CLANG_WARN_SUSPICIOUS_MOVE = YES;
				CLANG_WARN_UNGUARDED_AVAILABILITY = YES_AGGRESSIVE;
				CLANG_WARN_UNREACHABLE_CODE = YES;
				CLANG_WARN__DUPLICATE_METHOD_MATCH = YES;
				COPY_PHASE_STRIP = NO;
				DEBUG_INFORMATION_FORMAT = "dwarf-with-dsym";
				ENABLE_NS_ASSERTIONS = NO;
				ENABLE_STRICT_OBJC_MSGSEND = YES;
				ENABLE_USER_SCRIPT_SANDBOXING = YES;
				GCC_C_LANGUAGE_STANDARD = gnu17;
				GCC_NO_COMMON_BLOCKS = YES;
				GCC_WARN_64_TO_32_BIT_CONVERSION = YES;
				GCC_WARN_ABOUT_RETURN_TYPE = YES_ERROR;
				GCC_WARN_UNDECLARED_SELECTOR = YES;
				GCC_WARN_UNINITIALIZED_AUTOS = YES_AGGRESSIVE;
				GCC_WARN_UNUSED_FUNCTION = YES;
				GCC_WARN_UNUSED_VARIABLE = YES;
				IPHONEOS_DEPLOYMENT_TARGET = 17.2;
				LOCALIZATION_PREFERS_STRING_CATALOGS = YES;
				MTL_ENABLE_DEBUG_INFO = NO;
				MTL_FAST_MATH = YES;
				SDKROOT = iphoneos;
				SWIFT_COMPILATION_MODE = wholemodule;
				VALIDATE_PRODUCT = YES;
			};
			name = Release;
		};
		EF3883BC2B62638F00CBFF94 /* Debug */ = {
			isa = XCBuildConfiguration;
			buildSettings = {
				ASSETCATALOG_COMPILER_APPICON_NAME = AppIcon;
				ASSETCATALOG_COMPILER_GLOBAL_ACCENT_COLOR_NAME = AccentColor;
				CODE_SIGN_STYLE = Automatic;
				CURRENT_PROJECT_VERSION = 1;
				DEVELOPMENT_ASSET_PATHS = "\"SwiftUI-100-Fungo/Preview Content\"";
				DEVELOPMENT_TEAM = CFBV6A4UV7;
				ENABLE_PREVIEWS = YES;
				GENERATE_INFOPLIST_FILE = YES;
				INFOPLIST_KEY_UIApplicationSceneManifest_Generation = YES;
				INFOPLIST_KEY_UIApplicationSupportsIndirectInputEvents = YES;
				INFOPLIST_KEY_UILaunchScreen_Generation = YES;
				INFOPLIST_KEY_UISupportedInterfaceOrientations_iPad = "UIInterfaceOrientationPortrait UIInterfaceOrientationPortraitUpsideDown UIInterfaceOrientationLandscapeLeft UIInterfaceOrientationLandscapeRight";
				INFOPLIST_KEY_UISupportedInterfaceOrientations_iPhone = "UIInterfaceOrientationPortrait UIInterfaceOrientationLandscapeLeft UIInterfaceOrientationLandscapeRight";
				LD_RUNPATH_SEARCH_PATHS = (
					"$(inherited)",
					"@executable_path/Frameworks",
				);
				MARKETING_VERSION = 1.0;
				PRODUCT_BUNDLE_IDENTIFIER = "jp.co.shlab.SwiftUI-100-Fungo";
				PRODUCT_NAME = "$(TARGET_NAME)";
				SWIFT_EMIT_LOC_STRINGS = YES;
				SWIFT_VERSION = 5.0;
				TARGETED_DEVICE_FAMILY = "1,2";
			};
			name = Debug;
		};
		EF3883BD2B62638F00CBFF94 /* Release */ = {
			isa = XCBuildConfiguration;
			buildSettings = {
				ASSETCATALOG_COMPILER_APPICON_NAME = AppIcon;
				ASSETCATALOG_COMPILER_GLOBAL_ACCENT_COLOR_NAME = AccentColor;
				CODE_SIGN_STYLE = Automatic;
				CURRENT_PROJECT_VERSION = 1;
				DEVELOPMENT_ASSET_PATHS = "\"SwiftUI-100-Fungo/Preview Content\"";
				DEVELOPMENT_TEAM = CFBV6A4UV7;
				ENABLE_PREVIEWS = YES;
				GENERATE_INFOPLIST_FILE = YES;
				INFOPLIST_KEY_UIApplicationSceneManifest_Generation = YES;
				INFOPLIST_KEY_UIApplicationSupportsIndirectInputEvents = YES;
				INFOPLIST_KEY_UILaunchScreen_Generation = YES;
				INFOPLIST_KEY_UISupportedInterfaceOrientations_iPad = "UIInterfaceOrientationPortrait UIInterfaceOrientationPortraitUpsideDown UIInterfaceOrientationLandscapeLeft UIInterfaceOrientationLandscapeRight";
				INFOPLIST_KEY_UISupportedInterfaceOrientations_iPhone = "UIInterfaceOrientationPortrait UIInterfaceOrientationLandscapeLeft UIInterfaceOrientationLandscapeRight";
				LD_RUNPATH_SEARCH_PATHS = (
					"$(inherited)",
					"@executable_path/Frameworks",
				);
				MARKETING_VERSION = 1.0;
				PRODUCT_BUNDLE_IDENTIFIER = "jp.co.shlab.SwiftUI-100-Fungo";
				PRODUCT_NAME = "$(TARGET_NAME)";
				SWIFT_EMIT_LOC_STRINGS = YES;
				SWIFT_VERSION = 5.0;
				TARGETED_DEVICE_FAMILY = "1,2";
			};
			name = Release;
		};
/* End XCBuildConfiguration section */

/* Begin XCConfigurationList section */
		EF3883A82B62638E00CBFF94 /* Build configuration list for PBXProject "SwiftUI-100-Fungo" */ = {
			isa = XCConfigurationList;
			buildConfigurations = (
				EF3883B92B62638F00CBFF94 /* Debug */,
				EF3883BA2B62638F00CBFF94 /* Release */,
			);
			defaultConfigurationIsVisible = 0;
			defaultConfigurationName = Release;
		};
		EF3883BB2B62638F00CBFF94 /* Build configuration list for PBXNativeTarget "SwiftUI-100-Fungo" */ = {
			isa = XCConfigurationList;
			buildConfigurations = (
				EF3883BC2B62638F00CBFF94 /* Debug */,
				EF3883BD2B62638F00CBFF94 /* Release */,
			);
			defaultConfigurationIsVisible = 0;
			defaultConfigurationName = Release;
		};
/* End XCConfigurationList section */
	};
	rootObject = EF3883A52B62638E00CBFF94 /* Project object */;
}
